
Microsoft Visual Studio Solution File, Format Version 12.00
# Visual Studio 2017
Project("{FAE04EC0-301F-11D3-BF4B-00C04F79EFBC}") = "GeoExplorer", "GeoExplorer.csproj", "{4F5A07AA-5169-1A94-6794-6C1DDE35589C}"
EndProject
Project("{FAE04EC0-301F-11D3-BF4B-00C04F79EFBC}") = "GeoExplorer.Editor", "GeoExplorer.Editor.csproj", "{8C98AC97-06C5-21BA-6B11-A32250F34239}"
EndProject
Global
	GlobalSection(SolutionConfigurationPlatforms) = preSolution
		Debug|Any CPU = Debug|Any CPU
		Release|Any CPU = Release|Any CPU
	EndGlobalSection
	GlobalSection(ProjectConfigurationPlatforms) = postSolution
		{4F5A07AA-5169-1A94-6794-6C1DDE35589C}.Debug|Any CPU.ActiveCfg = Debug|Any CPU
		{4F5A07AA-5169-1A94-6794-6C1DDE35589C}.Debug|Any CPU.Build.0 = Debug|Any CPU
		{4F5A07AA-5169-1A94-6794-6C1DDE35589C}.Release|Any CPU.ActiveCfg = Release|Any CPU
		{4F5A07AA-5169-1A94-6794-6C1DDE35589C}.Release|Any CPU.Build.0 = Release|Any CPU
		{8C98AC97-06C5-21BA-6B11-A32250F34239}.Debug|Any CPU.ActiveCfg = Debug|Any CPU
		{8C98AC97-06C5-21BA-6B11-A32250F34239}.Debug|Any CPU.Build.0 = Debug|Any CPU
		{8C98AC97-06C5-21BA-6B11-A32250F34239}.Release|Any CPU.ActiveCfg = Release|Any CPU
		{8C98AC97-06C5-21BA-6B11-A32250F34239}.Release|Any CPU.Build.0 = Release|Any CPU
	EndGlobalSection
	GlobalSection(SolutionProperties) = preSolution
		HideSolutionNode = FALSE
	EndGlobalSection
EndGlobal
